
Microsoft Visual Studio Solution File, Format Version 12.00
# Visual Studio Version 17
VisualStudioVersion = 17.4.33213.308
MinimumVisualStudioVersion = 10.0.40219.1
Project("{9A19103F-16F7-4668-BE54-9A1E7A4F7556}") = "MadWrld", "MadWrld\MadWrld.csproj", "{0F2152FE-FB01-4D34-AB44-E8664333FCEE}"
EndProject
Project("{FAE04EC0-301F-11D3-BF4B-00C04F79EFBC}") = "MadWrld.Tests", "MadWrldUnitTests\MadWrld.Tests.csproj", "{F3D79F30-6D0E-4CD8-A664-CB953E9CA05E}"
EndProject
Global
	GlobalSection(SolutionConfigurationPlatforms) = preSolution
		Debug|Any CPU = Debug|Any CPU
		Release|Any CPU = Release|Any CPU
	EndGlobalSection
	GlobalSection(ProjectConfigurationPlatforms) = postSolution
		{0F2152FE-FB01-4D34-AB44-E8664333FCEE}.Debug|Any CPU.ActiveCfg = Debug|Any CPU
		{0F2152FE-FB01-4D34-AB44-E8664333FCEE}.Debug|Any CPU.Build.0 = Debug|Any CPU
		{0F2152FE-FB01-4D34-AB44-E8664333FCEE}.Release|Any CPU.ActiveCfg = Release|Any CPU
		{0F2152FE-FB01-4D34-AB44-E8664333FCEE}.Release|Any CPU.Build.0 = Release|Any CPU
		{F3D79F30-6D0E-4CD8-A664-CB953E9CA05E}.Debug|Any CPU.ActiveCfg = Debug|Any CPU
		{F3D79F30-6D0E-4CD8-A664-CB953E9CA05E}.Debug|Any CPU.Build.0 = Debug|Any CPU
		{F3D79F30-6D0E-4CD8-A664-CB953E9CA05E}.Release|Any CPU.ActiveCfg = Release|Any CPU
		{F3D79F30-6D0E-4CD8-A664-CB953E9CA05E}.Release|Any CPU.Build.0 = Release|Any CPU
	EndGlobalSection
	GlobalSection(SolutionProperties) = preSolution
		HideSolutionNode = FALSE
	EndGlobalSection
	GlobalSection(ExtensibilityGlobals) = postSolution
		SolutionGuid = {E590A067-A45F-4DBE-83C6-8D661C5ED541}
	EndGlobalSection
EndGlobal
